{
  "object": {
    "pins": [
      {
        "package": "Alamofire",
        "repositoryURL": "git@gitlab.renrenche.com:iOSVendor/Alamofire.git",
        "state": {
          "branch": null,
          "revision": "9e0328127dfb801cefe8ac53a13c0c90a7770448",
          "version": "5.4.0"
        }
      },
      {
        "package": "SmartCodable",
        "repositoryURL": "https://github.com/KKLater/SmartCodable.git",
        "state": {
          "branch": null,
          "revision": "de83a91ce3f552940ae5f06ac2dc335af5cc33b2",
          "version": "0.0.1"
        }
      }
    ]
  },
  "version": 1
}
