{
  "object": {
    "pins": [
      {
        "package": "Alamofire",
        "repositoryURL": "https://github.com/Alamofire/Alamofire.git",
        "state": {
          "branch": null,
          "revision": "eaf6e622dd41b07b251d8f01752eab31bc811493",
          "version": "5.4.1"
        }
      },
      {
        "package": "SmartCodable",
        "repositoryURL": "https://github.com/KKLater/SmartCodable.git",
        "state": {
          "branch": null,
          "revision": "51003c8943954a589edfeb0f06d3020645c8c482",
          "version": "0.0.2"
        }
      }
    ]
  },
  "version": 1
}
